
Microsoft Visual Studio Solution File, Format Version 12.00
# Visual Studio Version 16
VisualStudioVersion = 16.0.31410.357
MinimumVisualStudioVersion = 10.0.40219.1
Project("{2150E333-8FDC-42A3-9474-1A3956D46DE8}") = "Services", "Services", "{039E25FA-CC50-4310-BB7A-9EF529B02DB4}"
EndProject
Project("{2150E333-8FDC-42A3-9474-1A3956D46DE8}") = "Catalog", "Catalog", "{8DEA119F-4E12-4DDC-A314-66A3B89FDA02}"
EndProject
Project("{9A19103F-16F7-4668-BE54-9A1E7A4F7556}") = "Catalog.API", "Services\Catalog\Catalog.API\Catalog.API.csproj", "{BD935AC6-ABBC-4E83-9C75-453651C6FB1B}"
EndProject
Project("{9A19103F-16F7-4668-BE54-9A1E7A4F7556}") = "Microservices.Common", "Microservices.Common\Microservices.Common.csproj", "{C4CF5396-CC1E-4D75-9F3A-DC4D1C867C7D}"
EndProject
Project("{2150E333-8FDC-42A3-9474-1A3956D46DE8}") = "Basket", "Basket", "{9CF745EF-1306-4B51-B09A-C46C37F9B88E}"
EndProject
Project("{9A19103F-16F7-4668-BE54-9A1E7A4F7556}") = "Basket.API", "Services\Basket\Basket.API\Basket.API.csproj", "{147A4984-7776-4F8A-9F79-24B4F6F48A98}"
EndProject
Project("{2150E333-8FDC-42A3-9474-1A3956D46DE8}") = "Discount", "Discount", "{754F7E57-9EF9-4B45-8AA8-955237C514DB}"
EndProject
Project("{9A19103F-16F7-4668-BE54-9A1E7A4F7556}") = "Discount.API", "Services\Discount\Discount.API\Discount.API.csproj", "{CA088E86-69C9-4E81-9627-436D79593531}"
EndProject
Project("{FAE04EC0-301F-11D3-BF4B-00C04F79EFBC}") = "Discount.Grpc", "Services\Discount\Discount.Grpc\Discount.Grpc.csproj", "{0B2B9E3A-D073-4DE7-AC62-C0DECCE9C3CC}"
EndProject
Global
	GlobalSection(SolutionConfigurationPlatforms) = preSolution
		Debug|Any CPU = Debug|Any CPU
		Release|Any CPU = Release|Any CPU
	EndGlobalSection
	GlobalSection(ProjectConfigurationPlatforms) = postSolution
		{BD935AC6-ABBC-4E83-9C75-453651C6FB1B}.Debug|Any CPU.ActiveCfg = Debug|Any CPU
		{BD935AC6-ABBC-4E83-9C75-453651C6FB1B}.Debug|Any CPU.Build.0 = Debug|Any CPU
		{BD935AC6-ABBC-4E83-9C75-453651C6FB1B}.Release|Any CPU.ActiveCfg = Release|Any CPU
		{BD935AC6-ABBC-4E83-9C75-453651C6FB1B}.Release|Any CPU.Build.0 = Release|Any CPU
		{C4CF5396-CC1E-4D75-9F3A-DC4D1C867C7D}.Debug|Any CPU.ActiveCfg = Debug|Any CPU
		{C4CF5396-CC1E-4D75-9F3A-DC4D1C867C7D}.Debug|Any CPU.Build.0 = Debug|Any CPU
		{C4CF5396-CC1E-4D75-9F3A-DC4D1C867C7D}.Release|Any CPU.ActiveCfg = Release|Any CPU
		{C4CF5396-CC1E-4D75-9F3A-DC4D1C867C7D}.Release|Any CPU.Build.0 = Release|Any CPU
		{147A4984-7776-4F8A-9F79-24B4F6F48A98}.Debug|Any CPU.ActiveCfg = Debug|Any CPU
		{147A4984-7776-4F8A-9F79-24B4F6F48A98}.Debug|Any CPU.Build.0 = Debug|Any CPU
		{147A4984-7776-4F8A-9F79-24B4F6F48A98}.Release|Any CPU.ActiveCfg = Release|Any CPU
		{147A4984-7776-4F8A-9F79-24B4F6F48A98}.Release|Any CPU.Build.0 = Release|Any CPU
		{CA088E86-69C9-4E81-9627-436D79593531}.Debug|Any CPU.ActiveCfg = Debug|Any CPU
		{CA088E86-69C9-4E81-9627-436D79593531}.Debug|Any CPU.Build.0 = Debug|Any CPU
		{CA088E86-69C9-4E81-9627-436D79593531}.Release|Any CPU.ActiveCfg = Release|Any CPU
		{CA088E86-69C9-4E81-9627-436D79593531}.Release|Any CPU.Build.0 = Release|Any CPU
		{0B2B9E3A-D073-4DE7-AC62-C0DECCE9C3CC}.Debug|Any CPU.ActiveCfg = Debug|Any CPU
		{0B2B9E3A-D073-4DE7-AC62-C0DECCE9C3CC}.Debug|Any CPU.Build.0 = Debug|Any CPU
		{0B2B9E3A-D073-4DE7-AC62-C0DECCE9C3CC}.Release|Any CPU.ActiveCfg = Release|Any CPU
		{0B2B9E3A-D073-4DE7-AC62-C0DECCE9C3CC}.Release|Any CPU.Build.0 = Release|Any CPU
	EndGlobalSection
	GlobalSection(SolutionProperties) = preSolution
		HideSolutionNode = FALSE
	EndGlobalSection
	GlobalSection(NestedProjects) = preSolution
		{8DEA119F-4E12-4DDC-A314-66A3B89FDA02} = {039E25FA-CC50-4310-BB7A-9EF529B02DB4}
		{BD935AC6-ABBC-4E83-9C75-453651C6FB1B} = {8DEA119F-4E12-4DDC-A314-66A3B89FDA02}
		{9CF745EF-1306-4B51-B09A-C46C37F9B88E} = {039E25FA-CC50-4310-BB7A-9EF529B02DB4}
		{147A4984-7776-4F8A-9F79-24B4F6F48A98} = {9CF745EF-1306-4B51-B09A-C46C37F9B88E}
		{754F7E57-9EF9-4B45-8AA8-955237C514DB} = {039E25FA-CC50-4310-BB7A-9EF529B02DB4}
		{CA088E86-69C9-4E81-9627-436D79593531} = {754F7E57-9EF9-4B45-8AA8-955237C514DB}
		{0B2B9E3A-D073-4DE7-AC62-C0DECCE9C3CC} = {754F7E57-9EF9-4B45-8AA8-955237C514DB}
	EndGlobalSection
	GlobalSection(ExtensibilityGlobals) = postSolution
		SolutionGuid = {54E19386-F8CB-4C35-87A2-184144B5861C}
	EndGlobalSection
EndGlobal
