
Microsoft Visual Studio Solution File, Format Version 12.00
# Visual Studio Version 16
VisualStudioVersion = 16.0.31410.357
MinimumVisualStudioVersion = 10.0.40219.1
Project("{2150E333-8FDC-42A3-9474-1A3956D46DE8}") = "Services", "Services", "{039E25FA-CC50-4310-BB7A-9EF529B02DB4}"
EndProject
Project("{2150E333-8FDC-42A3-9474-1A3956D46DE8}") = "Catalog", "Catalog", "{8DEA119F-4E12-4DDC-A314-66A3B89FDA02}"
EndProject
Project("{9A19103F-16F7-4668-BE54-9A1E7A4F7556}") = "Catalog.API", "Services\Catalog\Catalog.API\Catalog.API.csproj", "{BD935AC6-ABBC-4E83-9C75-453651C6FB1B}"
EndProject
Project("{9A19103F-16F7-4668-BE54-9A1E7A4F7556}") = "Microservices.Common", "Microservices.Common\Microservices.Common.csproj", "{C4CF5396-CC1E-4D75-9F3A-DC4D1C867C7D}"
EndProject
Project("{2150E333-8FDC-42A3-9474-1A3956D46DE8}") = "Basket", "Basket", "{9CF745EF-1306-4B51-B09A-C46C37F9B88E}"
EndProject
Project("{9A19103F-16F7-4668-BE54-9A1E7A4F7556}") = "Basket.API", "Services\Basket\Basket.API\Basket.API.csproj", "{147A4984-7776-4F8A-9F79-24B4F6F48A98}"
EndProject
Project("{2150E333-8FDC-42A3-9474-1A3956D46DE8}") = "Discount", "Discount", "{754F7E57-9EF9-4B45-8AA8-955237C514DB}"
EndProject
Project("{9A19103F-16F7-4668-BE54-9A1E7A4F7556}") = "Discount.API", "Services\Discount\Discount.API\Discount.API.csproj", "{CA088E86-69C9-4E81-9627-436D79593531}"
EndProject
Project("{9A19103F-16F7-4668-BE54-9A1E7A4F7556}") = "Discount.Grpc", "Services\Discount\Discount.Grpc\Discount.Grpc.csproj", "{0B2B9E3A-D073-4DE7-AC62-C0DECCE9C3CC}"
EndProject
Project("{2150E333-8FDC-42A3-9474-1A3956D46DE8}") = "Ordering", "Ordering", "{52685ADC-C1E5-42BC-863D-DFB9429F7069}"
EndProject
Project("{9A19103F-16F7-4668-BE54-9A1E7A4F7556}") = "Ordering.API", "Services\Ordering\Ordering.API\Ordering.API.csproj", "{AB60708C-C7D7-4BD2-8B4B-23562E8B47C2}"
EndProject
Project("{9A19103F-16F7-4668-BE54-9A1E7A4F7556}") = "Ordering.Domain", "Services\Ordering\Ordering.Domain\Ordering.Domain.csproj", "{FB645F3F-03F1-4865-BC4E-863510C3A7BA}"
EndProject
Project("{9A19103F-16F7-4668-BE54-9A1E7A4F7556}") = "Ordering.Application", "Services\Ordering\Ordering.Application\Ordering.Application.csproj", "{2857BB11-6B75-4213-B6E1-D2C6EC0B1ECA}"
EndProject
Project("{9A19103F-16F7-4668-BE54-9A1E7A4F7556}") = "Ordering.Infrastructure", "Services\Ordering\Ordering.Infrastructure\Ordering.Infrastructure.csproj", "{5CFDA390-CCA1-45C9-9185-10838E22453B}"
EndProject
Project("{2150E333-8FDC-42A3-9474-1A3956D46DE8}") = "BuildingBlocks", "BuildingBlocks", "{3F493858-594D-4C94-A83B-A7B7C6B87E8A}"
EndProject
Project("{9A19103F-16F7-4668-BE54-9A1E7A4F7556}") = "EventBus.Messages", "BuildingBlocks\EventBus.Messages\EventBus.Messages.csproj", "{27BA3178-8B33-484B-9EEE-AB8D4A6CD9F6}"
EndProject
Project("{2150E333-8FDC-42A3-9474-1A3956D46DE8}") = "ApiGateways", "ApiGateways", "{15A4F1DF-AC5B-4B6D-88FE-7B935E23C28C}"
EndProject
Project("{9A19103F-16F7-4668-BE54-9A1E7A4F7556}") = "OcelotGateway", "ApiGateways\OcelotGateway\OcelotGateway.csproj", "{394B1E62-5B4C-4B12-A3CA-7D68FB674F12}"
EndProject
Project("{9A19103F-16F7-4668-BE54-9A1E7A4F7556}") = "Shopping.Aggregator", "ApiGateways\Shopping.Aggregator\Shopping.Aggregator.csproj", "{EA412660-8494-4700-9A7C-EDA5DBB82758}"
EndProject
Project("{2150E333-8FDC-42A3-9474-1A3956D46DE8}") = "Yaml", "Yaml", "{BFA5586E-CE6A-4E76-8173-E91D6E74218E}"
	ProjectSection(SolutionItems) = preProject
		Yaml\basketapi.yml = Yaml\basketapi.yml
		Yaml\catalogapi.yml = Yaml\catalogapi.yml
		Yaml\discountapi.yml = Yaml\discountapi.yml
		Yaml\discountGRPC.yml = Yaml\discountGRPC.yml
		Yaml\discountpostgres.yml = Yaml\discountpostgres.yml
		Yaml\elasticsearch.yml = Yaml\elasticsearch.yml
		Yaml\kibana.yml = Yaml\kibana.yml
		Yaml\ocelotgateway.yml = Yaml\ocelotgateway.yml
		Yaml\orderingapi.yml = Yaml\orderingapi.yml
		Yaml\ordermssqldb.yml = Yaml\ordermssqldb.yml
		Yaml\rabbitmq.yml = Yaml\rabbitmq.yml
		Yaml\shoppingaggregatorapi.yml = Yaml\shoppingaggregatorapi.yml
		Yaml\telemetaryJaeger.yml = Yaml\telemetaryJaeger.yml
		Yaml\telemetaryzipkin.yml = Yaml\telemetaryzipkin.yml
		Yaml\webstatus.yml = Yaml\webstatus.yml
	EndProjectSection
EndProject
Project("{9A19103F-16F7-4668-BE54-9A1E7A4F7556}") = "Common.Logging", "BuildingBlocks\Common.Logging\Common.Logging.csproj", "{6236DFAC-5184-4514-B8E9-604D4C1EFB81}"
EndProject
Project("{2150E333-8FDC-42A3-9474-1A3956D46DE8}") = "WebApps", "WebApps", "{6ABC98F2-4B8B-4412-B664-56E89FF6B62F}"
EndProject
Project("{2150E333-8FDC-42A3-9474-1A3956D46DE8}") = "WebStatus", "WebStatus", "{1E0E1EF7-D190-49BC-A44F-BE60DC03BCDF}"
EndProject
Project("{9A19103F-16F7-4668-BE54-9A1E7A4F7556}") = "WebStatus", "WebApps\WebStatus\WebStatus\WebStatus.csproj", "{B35978AE-8D11-428B-B78E-2B4DDC60A089}"
EndProject
Global
	GlobalSection(SolutionConfigurationPlatforms) = preSolution
		Debug|Any CPU = Debug|Any CPU
		Release|Any CPU = Release|Any CPU
	EndGlobalSection
	GlobalSection(ProjectConfigurationPlatforms) = postSolution
		{BD935AC6-ABBC-4E83-9C75-453651C6FB1B}.Debug|Any CPU.ActiveCfg = Debug|Any CPU
		{BD935AC6-ABBC-4E83-9C75-453651C6FB1B}.Debug|Any CPU.Build.0 = Debug|Any CPU
		{BD935AC6-ABBC-4E83-9C75-453651C6FB1B}.Release|Any CPU.ActiveCfg = Release|Any CPU
		{BD935AC6-ABBC-4E83-9C75-453651C6FB1B}.Release|Any CPU.Build.0 = Release|Any CPU
		{C4CF5396-CC1E-4D75-9F3A-DC4D1C867C7D}.Debug|Any CPU.ActiveCfg = Debug|Any CPU
		{C4CF5396-CC1E-4D75-9F3A-DC4D1C867C7D}.Debug|Any CPU.Build.0 = Debug|Any CPU
		{C4CF5396-CC1E-4D75-9F3A-DC4D1C867C7D}.Release|Any CPU.ActiveCfg = Release|Any CPU
		{C4CF5396-CC1E-4D75-9F3A-DC4D1C867C7D}.Release|Any CPU.Build.0 = Release|Any CPU
		{147A4984-7776-4F8A-9F79-24B4F6F48A98}.Debug|Any CPU.ActiveCfg = Debug|Any CPU
		{147A4984-7776-4F8A-9F79-24B4F6F48A98}.Debug|Any CPU.Build.0 = Debug|Any CPU
		{147A4984-7776-4F8A-9F79-24B4F6F48A98}.Release|Any CPU.ActiveCfg = Release|Any CPU
		{147A4984-7776-4F8A-9F79-24B4F6F48A98}.Release|Any CPU.Build.0 = Release|Any CPU
		{CA088E86-69C9-4E81-9627-436D79593531}.Debug|Any CPU.ActiveCfg = Debug|Any CPU
		{CA088E86-69C9-4E81-9627-436D79593531}.Debug|Any CPU.Build.0 = Debug|Any CPU
		{CA088E86-69C9-4E81-9627-436D79593531}.Release|Any CPU.ActiveCfg = Release|Any CPU
		{CA088E86-69C9-4E81-9627-436D79593531}.Release|Any CPU.Build.0 = Release|Any CPU
		{0B2B9E3A-D073-4DE7-AC62-C0DECCE9C3CC}.Debug|Any CPU.ActiveCfg = Debug|Any CPU
		{0B2B9E3A-D073-4DE7-AC62-C0DECCE9C3CC}.Debug|Any CPU.Build.0 = Debug|Any CPU
		{0B2B9E3A-D073-4DE7-AC62-C0DECCE9C3CC}.Release|Any CPU.ActiveCfg = Release|Any CPU
		{0B2B9E3A-D073-4DE7-AC62-C0DECCE9C3CC}.Release|Any CPU.Build.0 = Release|Any CPU
		{AB60708C-C7D7-4BD2-8B4B-23562E8B47C2}.Debug|Any CPU.ActiveCfg = Debug|Any CPU
		{AB60708C-C7D7-4BD2-8B4B-23562E8B47C2}.Debug|Any CPU.Build.0 = Debug|Any CPU
		{AB60708C-C7D7-4BD2-8B4B-23562E8B47C2}.Release|Any CPU.ActiveCfg = Release|Any CPU
		{AB60708C-C7D7-4BD2-8B4B-23562E8B47C2}.Release|Any CPU.Build.0 = Release|Any CPU
		{FB645F3F-03F1-4865-BC4E-863510C3A7BA}.Debug|Any CPU.ActiveCfg = Debug|Any CPU
		{FB645F3F-03F1-4865-BC4E-863510C3A7BA}.Debug|Any CPU.Build.0 = Debug|Any CPU
		{FB645F3F-03F1-4865-BC4E-863510C3A7BA}.Release|Any CPU.ActiveCfg = Release|Any CPU
		{FB645F3F-03F1-4865-BC4E-863510C3A7BA}.Release|Any CPU.Build.0 = Release|Any CPU
		{2857BB11-6B75-4213-B6E1-D2C6EC0B1ECA}.Debug|Any CPU.ActiveCfg = Debug|Any CPU
		{2857BB11-6B75-4213-B6E1-D2C6EC0B1ECA}.Debug|Any CPU.Build.0 = Debug|Any CPU
		{2857BB11-6B75-4213-B6E1-D2C6EC0B1ECA}.Release|Any CPU.ActiveCfg = Release|Any CPU
		{2857BB11-6B75-4213-B6E1-D2C6EC0B1ECA}.Release|Any CPU.Build.0 = Release|Any CPU
		{5CFDA390-CCA1-45C9-9185-10838E22453B}.Debug|Any CPU.ActiveCfg = Debug|Any CPU
		{5CFDA390-CCA1-45C9-9185-10838E22453B}.Debug|Any CPU.Build.0 = Debug|Any CPU
		{5CFDA390-CCA1-45C9-9185-10838E22453B}.Release|Any CPU.ActiveCfg = Release|Any CPU
		{5CFDA390-CCA1-45C9-9185-10838E22453B}.Release|Any CPU.Build.0 = Release|Any CPU
		{27BA3178-8B33-484B-9EEE-AB8D4A6CD9F6}.Debug|Any CPU.ActiveCfg = Debug|Any CPU
		{27BA3178-8B33-484B-9EEE-AB8D4A6CD9F6}.Debug|Any CPU.Build.0 = Debug|Any CPU
		{27BA3178-8B33-484B-9EEE-AB8D4A6CD9F6}.Release|Any CPU.ActiveCfg = Release|Any CPU
		{27BA3178-8B33-484B-9EEE-AB8D4A6CD9F6}.Release|Any CPU.Build.0 = Release|Any CPU
		{394B1E62-5B4C-4B12-A3CA-7D68FB674F12}.Debug|Any CPU.ActiveCfg = Debug|Any CPU
		{394B1E62-5B4C-4B12-A3CA-7D68FB674F12}.Debug|Any CPU.Build.0 = Debug|Any CPU
		{394B1E62-5B4C-4B12-A3CA-7D68FB674F12}.Release|Any CPU.ActiveCfg = Release|Any CPU
		{394B1E62-5B4C-4B12-A3CA-7D68FB674F12}.Release|Any CPU.Build.0 = Release|Any CPU
		{EA412660-8494-4700-9A7C-EDA5DBB82758}.Debug|Any CPU.ActiveCfg = Debug|Any CPU
		{EA412660-8494-4700-9A7C-EDA5DBB82758}.Debug|Any CPU.Build.0 = Debug|Any CPU
		{EA412660-8494-4700-9A7C-EDA5DBB82758}.Release|Any CPU.ActiveCfg = Release|Any CPU
		{EA412660-8494-4700-9A7C-EDA5DBB82758}.Release|Any CPU.Build.0 = Release|Any CPU
		{6236DFAC-5184-4514-B8E9-604D4C1EFB81}.Debug|Any CPU.ActiveCfg = Debug|Any CPU
		{6236DFAC-5184-4514-B8E9-604D4C1EFB81}.Debug|Any CPU.Build.0 = Debug|Any CPU
		{6236DFAC-5184-4514-B8E9-604D4C1EFB81}.Release|Any CPU.ActiveCfg = Release|Any CPU
		{6236DFAC-5184-4514-B8E9-604D4C1EFB81}.Release|Any CPU.Build.0 = Release|Any CPU
		{B35978AE-8D11-428B-B78E-2B4DDC60A089}.Debug|Any CPU.ActiveCfg = Debug|Any CPU
		{B35978AE-8D11-428B-B78E-2B4DDC60A089}.Debug|Any CPU.Build.0 = Debug|Any CPU
		{B35978AE-8D11-428B-B78E-2B4DDC60A089}.Release|Any CPU.ActiveCfg = Release|Any CPU
		{B35978AE-8D11-428B-B78E-2B4DDC60A089}.Release|Any CPU.Build.0 = Release|Any CPU
	EndGlobalSection
	GlobalSection(SolutionProperties) = preSolution
		HideSolutionNode = FALSE
	EndGlobalSection
	GlobalSection(NestedProjects) = preSolution
		{8DEA119F-4E12-4DDC-A314-66A3B89FDA02} = {039E25FA-CC50-4310-BB7A-9EF529B02DB4}
		{BD935AC6-ABBC-4E83-9C75-453651C6FB1B} = {8DEA119F-4E12-4DDC-A314-66A3B89FDA02}
		{9CF745EF-1306-4B51-B09A-C46C37F9B88E} = {039E25FA-CC50-4310-BB7A-9EF529B02DB4}
		{147A4984-7776-4F8A-9F79-24B4F6F48A98} = {9CF745EF-1306-4B51-B09A-C46C37F9B88E}
		{754F7E57-9EF9-4B45-8AA8-955237C514DB} = {039E25FA-CC50-4310-BB7A-9EF529B02DB4}
		{CA088E86-69C9-4E81-9627-436D79593531} = {754F7E57-9EF9-4B45-8AA8-955237C514DB}
		{0B2B9E3A-D073-4DE7-AC62-C0DECCE9C3CC} = {754F7E57-9EF9-4B45-8AA8-955237C514DB}
		{52685ADC-C1E5-42BC-863D-DFB9429F7069} = {039E25FA-CC50-4310-BB7A-9EF529B02DB4}
		{AB60708C-C7D7-4BD2-8B4B-23562E8B47C2} = {52685ADC-C1E5-42BC-863D-DFB9429F7069}
		{FB645F3F-03F1-4865-BC4E-863510C3A7BA} = {52685ADC-C1E5-42BC-863D-DFB9429F7069}
		{2857BB11-6B75-4213-B6E1-D2C6EC0B1ECA} = {52685ADC-C1E5-42BC-863D-DFB9429F7069}
		{5CFDA390-CCA1-45C9-9185-10838E22453B} = {52685ADC-C1E5-42BC-863D-DFB9429F7069}
		{27BA3178-8B33-484B-9EEE-AB8D4A6CD9F6} = {3F493858-594D-4C94-A83B-A7B7C6B87E8A}
		{394B1E62-5B4C-4B12-A3CA-7D68FB674F12} = {15A4F1DF-AC5B-4B6D-88FE-7B935E23C28C}
		{EA412660-8494-4700-9A7C-EDA5DBB82758} = {15A4F1DF-AC5B-4B6D-88FE-7B935E23C28C}
		{6236DFAC-5184-4514-B8E9-604D4C1EFB81} = {3F493858-594D-4C94-A83B-A7B7C6B87E8A}
		{1E0E1EF7-D190-49BC-A44F-BE60DC03BCDF} = {6ABC98F2-4B8B-4412-B664-56E89FF6B62F}
		{B35978AE-8D11-428B-B78E-2B4DDC60A089} = {1E0E1EF7-D190-49BC-A44F-BE60DC03BCDF}
	EndGlobalSection
	GlobalSection(ExtensibilityGlobals) = postSolution
		SolutionGuid = {54E19386-F8CB-4C35-87A2-184144B5861C}
	EndGlobalSection
EndGlobal
